
Microsoft Visual Studio Solution File, Format Version 12.00
# Visual Studio Version 16
VisualStudioVersion = 16.0.29728.190
MinimumVisualStudioVersion = 10.0.40219.1
Project("{FAE04EC0-301F-11D3-BF4B-00C04F79EFBC}") = "HomeWorkCRUD", "HomeWorkCRUD\HomeWorkCRUD.csproj", "{AE0969D9-20FF-4422-A7B9-268F2688F8DA}"
EndProject
Global
	GlobalSection(SolutionConfigurationPlatforms) = preSolution
		Debug|Any CPU = Debug|Any CPU
		Release|Any CPU = Release|Any CPU
	EndGlobalSection
	GlobalSection(ProjectConfigurationPlatforms) = postSolution
		{AE0969D9-20FF-4422-A7B9-268F2688F8DA}.Debug|Any CPU.ActiveCfg = Debug|Any CPU
		{AE0969D9-20FF-4422-A7B9-268F2688F8DA}.Debug|Any CPU.Build.0 = Debug|Any CPU
		{AE0969D9-20FF-4422-A7B9-268F2688F8DA}.Release|Any CPU.ActiveCfg = Release|Any CPU
		{AE0969D9-20FF-4422-A7B9-268F2688F8DA}.Release|Any CPU.Build.0 = Release|Any CPU
	EndGlobalSection
	GlobalSection(SolutionProperties) = preSolution
		HideSolutionNode = FALSE
	EndGlobalSection
	GlobalSection(ExtensibilityGlobals) = postSolution
		SolutionGuid = {B2C80992-8DE8-409D-90D5-04C76253BA89}
	EndGlobalSection
EndGlobal
